
Microsoft Visual Studio Solution File, Format Version 12.00
# Visual Studio Version 17
VisualStudioVersion = 17.5.33530.505
MinimumVisualStudioVersion = 10.0.40219.1
Project("{2150E333-8FDC-42A3-9474-1A3956D46DE8}") = "AccesoDatos", "AccesoDatos", "{993C8A93-8D8B-47E7-849E-E3DE5D043A5D}"
EndProject
Project("{2150E333-8FDC-42A3-9474-1A3956D46DE8}") = "Utilitario", "Utilitario", "{16C514AD-EEA8-4ED1-9AD5-39927C8875EC}"
EndProject
Project("{FAE04EC0-301F-11D3-BF4B-00C04F79EFBC}") = "ViaDoc.Utilitarios", "ViaDoc.Utilitarios\ViaDoc.Utilitarios.csproj", "{82C21470-1DA4-49A6-9524-84C080B22A28}"
EndProject
Project("{2150E333-8FDC-42A3-9474-1A3956D46DE8}") = "EntidadNegocio", "EntidadNegocio", "{76F746EB-C494-4538-B89B-222359061820}"
EndProject
Project("{FAE04EC0-301F-11D3-BF4B-00C04F79EFBC}") = "ViaDoc.EntidadNegocios", "ViaDoc.EntidadNegocios\ViaDoc.EntidadNegocios.csproj", "{F195E26C-0D02-438E-A225-81616940DECC}"
EndProject
Project("{FAE04EC0-301F-11D3-BF4B-00C04F79EFBC}") = "ViaDoc.AccesoDatos", "ViaDoc.AccesoDatos\ViaDoc.AccesoDatos.csproj", "{929E630C-B415-47ED-AAED-D9EF417A853B}"
EndProject
Project("{2150E333-8FDC-42A3-9474-1A3956D46DE8}") = "LogicaNegocio", "LogicaNegocio", "{212D700D-0B77-4DB8-99A1-C2849FF0B854}"
EndProject
Project("{FAE04EC0-301F-11D3-BF4B-00C04F79EFBC}") = "eSync", "eSync\eSync.csproj", "{8658073B-1840-43AD-855A-C698E1F4A411}"
EndProject
Project("{FAE04EC0-301F-11D3-BF4B-00C04F79EFBC}") = "ViaDocAutorizacion.LogicaNegocios", "ViaDocAutorizacion.LogicaNegocios\ViaDocAutorizacion.LogicaNegocios.csproj", "{91512FFF-91EA-4D77-9B66-5ABA419FD3F2}"
EndProject
Project("{FAE04EC0-301F-11D3-BF4B-00C04F79EFBC}") = "ViaDocFirma.LogicaNegocios", "ViaDocFirma.LogicaNegocios\ViaDocFirma.LogicaNegocios.csproj", "{24018DAC-C151-48DD-89F7-574C03FAA0A4}"
EndProject
Project("{FAE04EC0-301F-11D3-BF4B-00C04F79EFBC}") = "ViaDocEnvioCorreo.LogicaNegocios", "ViaDocEnvioCorreo.Negocios\ViaDocEnvioCorreo.LogicaNegocios.csproj", "{86D608A9-20B2-4EBF-8DFC-4C1EFC4148AC}"
	ProjectSection(ProjectDependencies) = postProject
		{A8B9F05D-A966-4A5A-9DE8-92F0D6AF7918} = {A8B9F05D-A966-4A5A-9DE8-92F0D6AF7918}
	EndProjectSection
EndProject
Project("{2150E333-8FDC-42A3-9474-1A3956D46DE8}") = "AplicacionWeb", "AplicacionWeb", "{90E73895-5242-4A11-8BEF-DAED0F307EA0}"
EndProject
Project("{FAE04EC0-301F-11D3-BF4B-00C04F79EFBC}") = "ViaDoc.WebApp", "ViaDoc.WebApp\ViaDoc.WebApp.csproj", "{17A43169-8FA3-4E4F-90E6-88B75191503E}"
EndProject
Project("{FAE04EC0-301F-11D3-BF4B-00C04F79EFBC}") = "ViaDoc.ServicioWcf", "ViaDoc.ServicioWcf\ViaDoc.ServicioWcf.csproj", "{EEA1963C-B92E-42BF-BDF7-5ECB000D29CC}"
EndProject
Project("{2150E333-8FDC-42A3-9474-1A3956D46DE8}") = "ProbadorViaDoc", "ProbadorViaDoc", "{4926105D-344F-488C-A1B0-020A295AD41B}"
EndProject
Project("{FAE04EC0-301F-11D3-BF4B-00C04F79EFBC}") = "ViaDoc.LogicaNegocios", "ViaDoc.LogicaNegocios\ViaDoc.LogicaNegocios.csproj", "{DB0E2599-FFC9-48C1-96C8-A064E133BDCB}"
EndProject
Project("{2150E333-8FDC-42A3-9474-1A3956D46DE8}") = "ServicioWindows", "ServicioWindows", "{B0A26D2D-8EEF-404A-9E72-B5F3B4EA758D}"
EndProject
Project("{FAE04EC0-301F-11D3-BF4B-00C04F79EFBC}") = "AutorizacionViaDoc.WinServ", "AutorizacionViaDoc.WinServ\AutorizacionViaDoc.WinServ.csproj", "{A3733C8A-3CBF-4B1F-9F11-0BB395782712}"
EndProject
Project("{FAE04EC0-301F-11D3-BF4B-00C04F79EFBC}") = "FirmaViadoc.WinServ", "FirmaViadoc.WinServ\FirmaViadoc.WinServ.csproj", "{7A208ECB-9E6A-4C35-903C-BDD6DD3F1413}"
EndProject
Project("{FAE04EC0-301F-11D3-BF4B-00C04F79EFBC}") = "NotificacionesViaDoc.WinServ", "NotificacionesViaDoc.WinServ\NotificacionesViaDoc.WinServ.csproj", "{7F9F7713-ABF9-4123-A585-2338585634C4}"
EndProject
Project("{2150E333-8FDC-42A3-9474-1A3956D46DE8}") = "ReportesViaDoc", "ReportesViaDoc", "{47993E8D-A135-4DFB-980E-C1FD9E01FB84}"
EndProject
Project("{FAE04EC0-301F-11D3-BF4B-00C04F79EFBC}") = "ViaDoc.Probador", "ViaDoc.Probador\ViaDoc.Probador.csproj", "{D9BCC2C9-403B-4A4B-848C-67DF37DFAA17}"
EndProject
Project("{FAE04EC0-301F-11D3-BF4B-00C04F79EFBC}") = "ViaDoc.Probador.WCF", "ViaDoc.Probador.WCF\ViaDoc.Probador.WCF.csproj", "{E661A202-F495-4EA5-8BA6-5C6FAEE33D36}"
EndProject
Project("{2150E333-8FDC-42A3-9474-1A3956D46DE8}") = "Configuraciones", "Configuraciones", "{96C500F6-4C14-49F3-94C3-698EB6EA5F56}"
EndProject
Project("{FAE04EC0-301F-11D3-BF4B-00C04F79EFBC}") = "ViaDoc.Configuraciones", "ViaDoc.Configuraciones\ViaDoc.Configuraciones.csproj", "{9AB6B4A0-B8F5-40D0-A8CD-66CE12FF1A98}"
EndProject
Project("{FAE04EC0-301F-11D3-BF4B-00C04F79EFBC}") = "ViaDocLogMongoDB", "ViaDocLogMongoDB\ViaDocLogMongoDB.csproj", "{F98615EF-A0A9-4146-BA21-DF0CCB0C3C0B}"
EndProject
Project("{2150E333-8FDC-42A3-9474-1A3956D46DE8}") = "Instaladores", "Instaladores", "{C84FBBA9-30AB-4367-A8A3-643A8CCCA2F7}"
EndProject
Project("{FAE04EC0-301F-11D3-BF4B-00C04F79EFBC}") = "ReportesViaDoc", "ReportesViaDoc\ReportesViaDoc.csproj", "{A8B9F05D-A966-4A5A-9DE8-92F0D6AF7918}"
EndProject
Project("{54435603-DBB4-11D2-8724-00A0C9A8B90C}") = "Install.ViaDoc.AutorizarDocumentos", "Install.ViaDoc.AutorizarDocumentos\Install.ViaDoc.AutorizarDocumentos.vdproj", "{415888FD-40D6-4DBB-A427-82A3ABDEE96E}"
EndProject
Project("{54435603-DBB4-11D2-8724-00A0C9A8B90C}") = "ViaDoc.Firmas", "ViaDoc.Firmas\ViaDoc.Firmas.vdproj", "{65469E14-910F-4E69-9310-4576A814EF5D}"
EndProject
Project("{54435603-DBB4-11D2-8724-00A0C9A8B90C}") = "ViaDoc.Notificacion", "ViaDoc.Notificacion\ViaDoc.Notificacion.vdproj", "{366B5D54-615B-46D2-AB68-AE483F7EF303}"
EndProject
Project("{FAE04EC0-301F-11D3-BF4B-00C04F79EFBC}") = "ViaDocMigrador.LogicaNegocios", "ViaDocMigrador.LogicaNegocios\ViaDocMigrador.LogicaNegocios.csproj", "{4C28C296-6377-41AD-9928-A984DA56BC20}"
EndProject
Project("{2150E333-8FDC-42A3-9474-1A3956D46DE8}") = "ReportesViaDocNew", "ReportesViaDocNew", "{106077BE-D626-4F4A-8BB1-A40E882D5326}"
EndProject
Project("{9A19103F-16F7-4668-BE54-9A1E7A4F7556}") = "ReportesViaDocNetCore", "ReportesViaDocNetCore\ReportesViaDocNetCore.csproj", "{F3425849-EBC6-40A3-893D-5C6ED45179C0}"
EndProject
Global
	GlobalSection(SolutionConfigurationPlatforms) = preSolution
		Debug|Any CPU = Debug|Any CPU
		Debug|Mixed Platforms = Debug|Mixed Platforms
		Debug|x86 = Debug|x86
		Release|Any CPU = Release|Any CPU
		Release|Mixed Platforms = Release|Mixed Platforms
		Release|x86 = Release|x86
	EndGlobalSection
	GlobalSection(ProjectConfigurationPlatforms) = postSolution
		{82C21470-1DA4-49A6-9524-84C080B22A28}.Debug|Any CPU.ActiveCfg = Debug|Any CPU
		{82C21470-1DA4-49A6-9524-84C080B22A28}.Debug|Any CPU.Build.0 = Debug|Any CPU
		{82C21470-1DA4-49A6-9524-84C080B22A28}.Debug|Mixed Platforms.ActiveCfg = Debug|Any CPU
		{82C21470-1DA4-49A6-9524-84C080B22A28}.Debug|Mixed Platforms.Build.0 = Debug|Any CPU
		{82C21470-1DA4-49A6-9524-84C080B22A28}.Debug|x86.ActiveCfg = Debug|Any CPU
		{82C21470-1DA4-49A6-9524-84C080B22A28}.Debug|x86.Build.0 = Debug|Any CPU
		{82C21470-1DA4-49A6-9524-84C080B22A28}.Release|Any CPU.ActiveCfg = Release|Any CPU
		{82C21470-1DA4-49A6-9524-84C080B22A28}.Release|Any CPU.Build.0 = Release|Any CPU
		{82C21470-1DA4-49A6-9524-84C080B22A28}.Release|Mixed Platforms.ActiveCfg = Release|Any CPU
		{82C21470-1DA4-49A6-9524-84C080B22A28}.Release|Mixed Platforms.Build.0 = Release|Any CPU
		{82C21470-1DA4-49A6-9524-84C080B22A28}.Release|x86.ActiveCfg = Release|Any CPU
		{82C21470-1DA4-49A6-9524-84C080B22A28}.Release|x86.Build.0 = Release|Any CPU
		{F195E26C-0D02-438E-A225-81616940DECC}.Debug|Any CPU.ActiveCfg = Debug|Any CPU
		{F195E26C-0D02-438E-A225-81616940DECC}.Debug|Any CPU.Build.0 = Debug|Any CPU
		{F195E26C-0D02-438E-A225-81616940DECC}.Debug|Mixed Platforms.ActiveCfg = Debug|Any CPU
		{F195E26C-0D02-438E-A225-81616940DECC}.Debug|Mixed Platforms.Build.0 = Debug|Any CPU
		{F195E26C-0D02-438E-A225-81616940DECC}.Debug|x86.ActiveCfg = Debug|Any CPU
		{F195E26C-0D02-438E-A225-81616940DECC}.Debug|x86.Build.0 = Debug|Any CPU
		{F195E26C-0D02-438E-A225-81616940DECC}.Release|Any CPU.ActiveCfg = Release|Any CPU
		{F195E26C-0D02-438E-A225-81616940DECC}.Release|Any CPU.Build.0 = Release|Any CPU
		{F195E26C-0D02-438E-A225-81616940DECC}.Release|Mixed Platforms.ActiveCfg = Release|Any CPU
		{F195E26C-0D02-438E-A225-81616940DECC}.Release|Mixed Platforms.Build.0 = Release|Any CPU
		{F195E26C-0D02-438E-A225-81616940DECC}.Release|x86.ActiveCfg = Release|Any CPU
		{F195E26C-0D02-438E-A225-81616940DECC}.Release|x86.Build.0 = Release|Any CPU
		{929E630C-B415-47ED-AAED-D9EF417A853B}.Debug|Any CPU.ActiveCfg = Debug|Any CPU
		{929E630C-B415-47ED-AAED-D9EF417A853B}.Debug|Any CPU.Build.0 = Debug|Any CPU
		{929E630C-B415-47ED-AAED-D9EF417A853B}.Debug|Mixed Platforms.ActiveCfg = Debug|Any CPU
		{929E630C-B415-47ED-AAED-D9EF417A853B}.Debug|Mixed Platforms.Build.0 = Debug|Any CPU
		{929E630C-B415-47ED-AAED-D9EF417A853B}.Debug|x86.ActiveCfg = Debug|Any CPU
		{929E630C-B415-47ED-AAED-D9EF417A853B}.Debug|x86.Build.0 = Debug|Any CPU
		{929E630C-B415-47ED-AAED-D9EF417A853B}.Release|Any CPU.ActiveCfg = Release|Any CPU
		{929E630C-B415-47ED-AAED-D9EF417A853B}.Release|Any CPU.Build.0 = Release|Any CPU
		{929E630C-B415-47ED-AAED-D9EF417A853B}.Release|Mixed Platforms.ActiveCfg = Release|Any CPU
		{929E630C-B415-47ED-AAED-D9EF417A853B}.Release|Mixed Platforms.Build.0 = Release|Any CPU
		{929E630C-B415-47ED-AAED-D9EF417A853B}.Release|x86.ActiveCfg = Release|Any CPU
		{929E630C-B415-47ED-AAED-D9EF417A853B}.Release|x86.Build.0 = Release|Any CPU
		{8658073B-1840-43AD-855A-C698E1F4A411}.Debug|Any CPU.ActiveCfg = Debug|Any CPU
		{8658073B-1840-43AD-855A-C698E1F4A411}.Debug|Any CPU.Build.0 = Debug|Any CPU
		{8658073B-1840-43AD-855A-C698E1F4A411}.Debug|Mixed Platforms.ActiveCfg = Debug|Any CPU
		{8658073B-1840-43AD-855A-C698E1F4A411}.Debug|Mixed Platforms.Build.0 = Debug|Any CPU
		{8658073B-1840-43AD-855A-C698E1F4A411}.Debug|x86.ActiveCfg = Debug|Any CPU
		{8658073B-1840-43AD-855A-C698E1F4A411}.Debug|x86.Build.0 = Debug|Any CPU
		{8658073B-1840-43AD-855A-C698E1F4A411}.Release|Any CPU.ActiveCfg = Release|Any CPU
		{8658073B-1840-43AD-855A-C698E1F4A411}.Release|Any CPU.Build.0 = Release|Any CPU
		{8658073B-1840-43AD-855A-C698E1F4A411}.Release|Mixed Platforms.ActiveCfg = Release|Any CPU
		{8658073B-1840-43AD-855A-C698E1F4A411}.Release|Mixed Platforms.Build.0 = Release|Any CPU
		{8658073B-1840-43AD-855A-C698E1F4A411}.Release|x86.ActiveCfg = Release|Any CPU
		{8658073B-1840-43AD-855A-C698E1F4A411}.Release|x86.Build.0 = Release|Any CPU
		{91512FFF-91EA-4D77-9B66-5ABA419FD3F2}.Debug|Any CPU.ActiveCfg = Debug|Any CPU
		{91512FFF-91EA-4D77-9B66-5ABA419FD3F2}.Debug|Any CPU.Build.0 = Debug|Any CPU
		{91512FFF-91EA-4D77-9B66-5ABA419FD3F2}.Debug|Mixed Platforms.ActiveCfg = Debug|Any CPU
		{91512FFF-91EA-4D77-9B66-5ABA419FD3F2}.Debug|Mixed Platforms.Build.0 = Debug|Any CPU
		{91512FFF-91EA-4D77-9B66-5ABA419FD3F2}.Debug|x86.ActiveCfg = Debug|Any CPU
		{91512FFF-91EA-4D77-9B66-5ABA419FD3F2}.Debug|x86.Build.0 = Debug|Any CPU
		{91512FFF-91EA-4D77-9B66-5ABA419FD3F2}.Release|Any CPU.ActiveCfg = Release|Any CPU
		{91512FFF-91EA-4D77-9B66-5ABA419FD3F2}.Release|Any CPU.Build.0 = Release|Any CPU
		{91512FFF-91EA-4D77-9B66-5ABA419FD3F2}.Release|Mixed Platforms.ActiveCfg = Release|Any CPU
		{91512FFF-91EA-4D77-9B66-5ABA419FD3F2}.Release|Mixed Platforms.Build.0 = Release|Any CPU
		{91512FFF-91EA-4D77-9B66-5ABA419FD3F2}.Release|x86.ActiveCfg = Release|Any CPU
		{91512FFF-91EA-4D77-9B66-5ABA419FD3F2}.Release|x86.Build.0 = Release|Any CPU
		{24018DAC-C151-48DD-89F7-574C03FAA0A4}.Debug|Any CPU.ActiveCfg = Debug|Any CPU
		{24018DAC-C151-48DD-89F7-574C03FAA0A4}.Debug|Any CPU.Build.0 = Debug|Any CPU
		{24018DAC-C151-48DD-89F7-574C03FAA0A4}.Debug|Mixed Platforms.ActiveCfg = Debug|Any CPU
		{24018DAC-C151-48DD-89F7-574C03FAA0A4}.Debug|Mixed Platforms.Build.0 = Debug|Any CPU
		{24018DAC-C151-48DD-89F7-574C03FAA0A4}.Debug|x86.ActiveCfg = Debug|Any CPU
		{24018DAC-C151-48DD-89F7-574C03FAA0A4}.Debug|x86.Build.0 = Debug|Any CPU
		{24018DAC-C151-48DD-89F7-574C03FAA0A4}.Release|Any CPU.ActiveCfg = Release|Any CPU
		{24018DAC-C151-48DD-89F7-574C03FAA0A4}.Release|Any CPU.Build.0 = Release|Any CPU
		{24018DAC-C151-48DD-89F7-574C03FAA0A4}.Release|Mixed Platforms.ActiveCfg = Release|Any CPU
		{24018DAC-C151-48DD-89F7-574C03FAA0A4}.Release|Mixed Platforms.Build.0 = Release|Any CPU
		{24018DAC-C151-48DD-89F7-574C03FAA0A4}.Release|x86.ActiveCfg = Release|Any CPU
		{24018DAC-C151-48DD-89F7-574C03FAA0A4}.Release|x86.Build.0 = Release|Any CPU
		{86D608A9-20B2-4EBF-8DFC-4C1EFC4148AC}.Debug|Any CPU.ActiveCfg = Debug|Any CPU
		{86D608A9-20B2-4EBF-8DFC-4C1EFC4148AC}.Debug|Any CPU.Build.0 = Debug|Any CPU
		{86D608A9-20B2-4EBF-8DFC-4C1EFC4148AC}.Debug|Mixed Platforms.ActiveCfg = Debug|Any CPU
		{86D608A9-20B2-4EBF-8DFC-4C1EFC4148AC}.Debug|Mixed Platforms.Build.0 = Debug|Any CPU
		{86D608A9-20B2-4EBF-8DFC-4C1EFC4148AC}.Debug|x86.ActiveCfg = Debug|Any CPU
		{86D608A9-20B2-4EBF-8DFC-4C1EFC4148AC}.Debug|x86.Build.0 = Debug|Any CPU
		{86D608A9-20B2-4EBF-8DFC-4C1EFC4148AC}.Release|Any CPU.ActiveCfg = Release|Any CPU
		{86D608A9-20B2-4EBF-8DFC-4C1EFC4148AC}.Release|Any CPU.Build.0 = Release|Any CPU
		{86D608A9-20B2-4EBF-8DFC-4C1EFC4148AC}.Release|Mixed Platforms.ActiveCfg = Release|Any CPU
		{86D608A9-20B2-4EBF-8DFC-4C1EFC4148AC}.Release|Mixed Platforms.Build.0 = Release|Any CPU
		{86D608A9-20B2-4EBF-8DFC-4C1EFC4148AC}.Release|x86.ActiveCfg = Release|Any CPU
		{86D608A9-20B2-4EBF-8DFC-4C1EFC4148AC}.Release|x86.Build.0 = Release|Any CPU
		{17A43169-8FA3-4E4F-90E6-88B75191503E}.Debug|Any CPU.ActiveCfg = Debug|Any CPU
		{17A43169-8FA3-4E4F-90E6-88B75191503E}.Debug|Any CPU.Build.0 = Debug|Any CPU
		{17A43169-8FA3-4E4F-90E6-88B75191503E}.Debug|Mixed Platforms.ActiveCfg = Debug|Any CPU
		{17A43169-8FA3-4E4F-90E6-88B75191503E}.Debug|Mixed Platforms.Build.0 = Debug|Any CPU
		{17A43169-8FA3-4E4F-90E6-88B75191503E}.Debug|x86.ActiveCfg = Debug|Any CPU
		{17A43169-8FA3-4E4F-90E6-88B75191503E}.Debug|x86.Build.0 = Debug|Any CPU
		{17A43169-8FA3-4E4F-90E6-88B75191503E}.Release|Any CPU.ActiveCfg = Release|Any CPU
		{17A43169-8FA3-4E4F-90E6-88B75191503E}.Release|Any CPU.Build.0 = Release|Any CPU
		{17A43169-8FA3-4E4F-90E6-88B75191503E}.Release|Mixed Platforms.ActiveCfg = Release|Any CPU
		{17A43169-8FA3-4E4F-90E6-88B75191503E}.Release|Mixed Platforms.Build.0 = Release|Any CPU
		{17A43169-8FA3-4E4F-90E6-88B75191503E}.Release|x86.ActiveCfg = Release|Any CPU
		{17A43169-8FA3-4E4F-90E6-88B75191503E}.Release|x86.Build.0 = Release|Any CPU
		{EEA1963C-B92E-42BF-BDF7-5ECB000D29CC}.Debug|Any CPU.ActiveCfg = Debug|Any CPU
		{EEA1963C-B92E-42BF-BDF7-5ECB000D29CC}.Debug|Any CPU.Build.0 = Debug|Any CPU
		{EEA1963C-B92E-42BF-BDF7-5ECB000D29CC}.Debug|Mixed Platforms.ActiveCfg = Debug|Any CPU
		{EEA1963C-B92E-42BF-BDF7-5ECB000D29CC}.Debug|Mixed Platforms.Build.0 = Debug|Any CPU
		{EEA1963C-B92E-42BF-BDF7-5ECB000D29CC}.Debug|x86.ActiveCfg = Debug|Any CPU
		{EEA1963C-B92E-42BF-BDF7-5ECB000D29CC}.Debug|x86.Build.0 = Debug|Any CPU
		{EEA1963C-B92E-42BF-BDF7-5ECB000D29CC}.Release|Any CPU.ActiveCfg = Release|Any CPU
		{EEA1963C-B92E-42BF-BDF7-5ECB000D29CC}.Release|Any CPU.Build.0 = Release|Any CPU
		{EEA1963C-B92E-42BF-BDF7-5ECB000D29CC}.Release|Mixed Platforms.ActiveCfg = Release|Any CPU
		{EEA1963C-B92E-42BF-BDF7-5ECB000D29CC}.Release|Mixed Platforms.Build.0 = Release|Any CPU
		{EEA1963C-B92E-42BF-BDF7-5ECB000D29CC}.Release|x86.ActiveCfg = Release|Any CPU
		{EEA1963C-B92E-42BF-BDF7-5ECB000D29CC}.Release|x86.Build.0 = Release|Any CPU
		{DB0E2599-FFC9-48C1-96C8-A064E133BDCB}.Debug|Any CPU.ActiveCfg = Debug|Any CPU
		{DB0E2599-FFC9-48C1-96C8-A064E133BDCB}.Debug|Any CPU.Build.0 = Debug|Any CPU
		{DB0E2599-FFC9-48C1-96C8-A064E133BDCB}.Debug|Mixed Platforms.ActiveCfg = Debug|Any CPU
		{DB0E2599-FFC9-48C1-96C8-A064E133BDCB}.Debug|Mixed Platforms.Build.0 = Debug|Any CPU
		{DB0E2599-FFC9-48C1-96C8-A064E133BDCB}.Debug|x86.ActiveCfg = Debug|Any CPU
		{DB0E2599-FFC9-48C1-96C8-A064E133BDCB}.Debug|x86.Build.0 = Debug|Any CPU
		{DB0E2599-FFC9-48C1-96C8-A064E133BDCB}.Release|Any CPU.ActiveCfg = Release|Any CPU
		{DB0E2599-FFC9-48C1-96C8-A064E133BDCB}.Release|Any CPU.Build.0 = Release|Any CPU
		{DB0E2599-FFC9-48C1-96C8-A064E133BDCB}.Release|Mixed Platforms.ActiveCfg = Release|Any CPU
		{DB0E2599-FFC9-48C1-96C8-A064E133BDCB}.Release|Mixed Platforms.Build.0 = Release|Any CPU
		{DB0E2599-FFC9-48C1-96C8-A064E133BDCB}.Release|x86.ActiveCfg = Release|Any CPU
		{DB0E2599-FFC9-48C1-96C8-A064E133BDCB}.Release|x86.Build.0 = Release|Any CPU
		{A3733C8A-3CBF-4B1F-9F11-0BB395782712}.Debug|Any CPU.ActiveCfg = Debug|Any CPU
		{A3733C8A-3CBF-4B1F-9F11-0BB395782712}.Debug|Any CPU.Build.0 = Debug|Any CPU
		{A3733C8A-3CBF-4B1F-9F11-0BB395782712}.Debug|Mixed Platforms.ActiveCfg = Debug|Any CPU
		{A3733C8A-3CBF-4B1F-9F11-0BB395782712}.Debug|Mixed Platforms.Build.0 = Debug|Any CPU
		{A3733C8A-3CBF-4B1F-9F11-0BB395782712}.Debug|x86.ActiveCfg = Debug|Any CPU
		{A3733C8A-3CBF-4B1F-9F11-0BB395782712}.Debug|x86.Build.0 = Debug|Any CPU
		{A3733C8A-3CBF-4B1F-9F11-0BB395782712}.Release|Any CPU.ActiveCfg = Release|Any CPU
		{A3733C8A-3CBF-4B1F-9F11-0BB395782712}.Release|Any CPU.Build.0 = Release|Any CPU
		{A3733C8A-3CBF-4B1F-9F11-0BB395782712}.Release|Mixed Platforms.ActiveCfg = Release|Any CPU
		{A3733C8A-3CBF-4B1F-9F11-0BB395782712}.Release|Mixed Platforms.Build.0 = Release|Any CPU
		{A3733C8A-3CBF-4B1F-9F11-0BB395782712}.Release|x86.ActiveCfg = Release|Any CPU
		{A3733C8A-3CBF-4B1F-9F11-0BB395782712}.Release|x86.Build.0 = Release|Any CPU
		{7A208ECB-9E6A-4C35-903C-BDD6DD3F1413}.Debug|Any CPU.ActiveCfg = Debug|Any CPU
		{7A208ECB-9E6A-4C35-903C-BDD6DD3F1413}.Debug|Any CPU.Build.0 = Debug|Any CPU
		{7A208ECB-9E6A-4C35-903C-BDD6DD3F1413}.Debug|Mixed Platforms.ActiveCfg = Debug|Any CPU
		{7A208ECB-9E6A-4C35-903C-BDD6DD3F1413}.Debug|Mixed Platforms.Build.0 = Debug|Any CPU
		{7A208ECB-9E6A-4C35-903C-BDD6DD3F1413}.Debug|x86.ActiveCfg = Debug|Any CPU
		{7A208ECB-9E6A-4C35-903C-BDD6DD3F1413}.Debug|x86.Build.0 = Debug|Any CPU
		{7A208ECB-9E6A-4C35-903C-BDD6DD3F1413}.Release|Any CPU.ActiveCfg = Release|Any CPU
		{7A208ECB-9E6A-4C35-903C-BDD6DD3F1413}.Release|Any CPU.Build.0 = Release|Any CPU
		{7A208ECB-9E6A-4C35-903C-BDD6DD3F1413}.Release|Mixed Platforms.ActiveCfg = Release|Any CPU
		{7A208ECB-9E6A-4C35-903C-BDD6DD3F1413}.Release|Mixed Platforms.Build.0 = Release|Any CPU
		{7A208ECB-9E6A-4C35-903C-BDD6DD3F1413}.Release|x86.ActiveCfg = Release|Any CPU
		{7A208ECB-9E6A-4C35-903C-BDD6DD3F1413}.Release|x86.Build.0 = Release|Any CPU
		{7F9F7713-ABF9-4123-A585-2338585634C4}.Debug|Any CPU.ActiveCfg = Debug|Any CPU
		{7F9F7713-ABF9-4123-A585-2338585634C4}.Debug|Any CPU.Build.0 = Debug|Any CPU
		{7F9F7713-ABF9-4123-A585-2338585634C4}.Debug|Mixed Platforms.ActiveCfg = Debug|Any CPU
		{7F9F7713-ABF9-4123-A585-2338585634C4}.Debug|Mixed Platforms.Build.0 = Debug|Any CPU
		{7F9F7713-ABF9-4123-A585-2338585634C4}.Debug|x86.ActiveCfg = Debug|Any CPU
		{7F9F7713-ABF9-4123-A585-2338585634C4}.Debug|x86.Build.0 = Debug|Any CPU
		{7F9F7713-ABF9-4123-A585-2338585634C4}.Release|Any CPU.ActiveCfg = Release|Any CPU
		{7F9F7713-ABF9-4123-A585-2338585634C4}.Release|Any CPU.Build.0 = Release|Any CPU
		{7F9F7713-ABF9-4123-A585-2338585634C4}.Release|Mixed Platforms.ActiveCfg = Release|Any CPU
		{7F9F7713-ABF9-4123-A585-2338585634C4}.Release|Mixed Platforms.Build.0 = Release|Any CPU
		{7F9F7713-ABF9-4123-A585-2338585634C4}.Release|x86.ActiveCfg = Release|Any CPU
		{7F9F7713-ABF9-4123-A585-2338585634C4}.Release|x86.Build.0 = Release|Any CPU
		{D9BCC2C9-403B-4A4B-848C-67DF37DFAA17}.Debug|Any CPU.ActiveCfg = Debug|Any CPU
		{D9BCC2C9-403B-4A4B-848C-67DF37DFAA17}.Debug|Any CPU.Build.0 = Debug|Any CPU
		{D9BCC2C9-403B-4A4B-848C-67DF37DFAA17}.Debug|Mixed Platforms.ActiveCfg = Debug|Any CPU
		{D9BCC2C9-403B-4A4B-848C-67DF37DFAA17}.Debug|Mixed Platforms.Build.0 = Debug|Any CPU
		{D9BCC2C9-403B-4A4B-848C-67DF37DFAA17}.Debug|x86.ActiveCfg = Debug|Any CPU
		{D9BCC2C9-403B-4A4B-848C-67DF37DFAA17}.Debug|x86.Build.0 = Debug|Any CPU
		{D9BCC2C9-403B-4A4B-848C-67DF37DFAA17}.Release|Any CPU.ActiveCfg = Release|Any CPU
		{D9BCC2C9-403B-4A4B-848C-67DF37DFAA17}.Release|Any CPU.Build.0 = Release|Any CPU
		{D9BCC2C9-403B-4A4B-848C-67DF37DFAA17}.Release|Mixed Platforms.ActiveCfg = Release|Any CPU
		{D9BCC2C9-403B-4A4B-848C-67DF37DFAA17}.Release|Mixed Platforms.Build.0 = Release|Any CPU
		{D9BCC2C9-403B-4A4B-848C-67DF37DFAA17}.Release|x86.ActiveCfg = Release|Any CPU
		{D9BCC2C9-403B-4A4B-848C-67DF37DFAA17}.Release|x86.Build.0 = Release|Any CPU
		{E661A202-F495-4EA5-8BA6-5C6FAEE33D36}.Debug|Any CPU.ActiveCfg = Debug|Any CPU
		{E661A202-F495-4EA5-8BA6-5C6FAEE33D36}.Debug|Any CPU.Build.0 = Debug|Any CPU
		{E661A202-F495-4EA5-8BA6-5C6FAEE33D36}.Debug|Mixed Platforms.ActiveCfg = Debug|Any CPU
		{E661A202-F495-4EA5-8BA6-5C6FAEE33D36}.Debug|Mixed Platforms.Build.0 = Debug|Any CPU
		{E661A202-F495-4EA5-8BA6-5C6FAEE33D36}.Debug|x86.ActiveCfg = Debug|Any CPU
		{E661A202-F495-4EA5-8BA6-5C6FAEE33D36}.Debug|x86.Build.0 = Debug|Any CPU
		{E661A202-F495-4EA5-8BA6-5C6FAEE33D36}.Release|Any CPU.ActiveCfg = Release|Any CPU
		{E661A202-F495-4EA5-8BA6-5C6FAEE33D36}.Release|Any CPU.Build.0 = Release|Any CPU
		{E661A202-F495-4EA5-8BA6-5C6FAEE33D36}.Release|Mixed Platforms.ActiveCfg = Release|Any CPU
		{E661A202-F495-4EA5-8BA6-5C6FAEE33D36}.Release|Mixed Platforms.Build.0 = Release|Any CPU
		{E661A202-F495-4EA5-8BA6-5C6FAEE33D36}.Release|x86.ActiveCfg = Release|Any CPU
		{E661A202-F495-4EA5-8BA6-5C6FAEE33D36}.Release|x86.Build.0 = Release|Any CPU
		{9AB6B4A0-B8F5-40D0-A8CD-66CE12FF1A98}.Debug|Any CPU.ActiveCfg = Debug|Any CPU
		{9AB6B4A0-B8F5-40D0-A8CD-66CE12FF1A98}.Debug|Any CPU.Build.0 = Debug|Any CPU
		{9AB6B4A0-B8F5-40D0-A8CD-66CE12FF1A98}.Debug|Mixed Platforms.ActiveCfg = Debug|Any CPU
		{9AB6B4A0-B8F5-40D0-A8CD-66CE12FF1A98}.Debug|Mixed Platforms.Build.0 = Debug|Any CPU
		{9AB6B4A0-B8F5-40D0-A8CD-66CE12FF1A98}.Debug|x86.ActiveCfg = Debug|Any CPU
		{9AB6B4A0-B8F5-40D0-A8CD-66CE12FF1A98}.Debug|x86.Build.0 = Debug|Any CPU
		{9AB6B4A0-B8F5-40D0-A8CD-66CE12FF1A98}.Release|Any CPU.ActiveCfg = Release|Any CPU
		{9AB6B4A0-B8F5-40D0-A8CD-66CE12FF1A98}.Release|Any CPU.Build.0 = Release|Any CPU
		{9AB6B4A0-B8F5-40D0-A8CD-66CE12FF1A98}.Release|Mixed Platforms.ActiveCfg = Release|Any CPU
		{9AB6B4A0-B8F5-40D0-A8CD-66CE12FF1A98}.Release|Mixed Platforms.Build.0 = Release|Any CPU
		{9AB6B4A0-B8F5-40D0-A8CD-66CE12FF1A98}.Release|x86.ActiveCfg = Release|Any CPU
		{9AB6B4A0-B8F5-40D0-A8CD-66CE12FF1A98}.Release|x86.Build.0 = Release|Any CPU
		{F98615EF-A0A9-4146-BA21-DF0CCB0C3C0B}.Debug|Any CPU.ActiveCfg = Debug|Any CPU
		{F98615EF-A0A9-4146-BA21-DF0CCB0C3C0B}.Debug|Any CPU.Build.0 = Debug|Any CPU
		{F98615EF-A0A9-4146-BA21-DF0CCB0C3C0B}.Debug|Mixed Platforms.ActiveCfg = Debug|Any CPU
		{F98615EF-A0A9-4146-BA21-DF0CCB0C3C0B}.Debug|Mixed Platforms.Build.0 = Debug|Any CPU
		{F98615EF-A0A9-4146-BA21-DF0CCB0C3C0B}.Debug|x86.ActiveCfg = Debug|Any CPU
		{F98615EF-A0A9-4146-BA21-DF0CCB0C3C0B}.Debug|x86.Build.0 = Debug|Any CPU
		{F98615EF-A0A9-4146-BA21-DF0CCB0C3C0B}.Release|Any CPU.ActiveCfg = Release|Any CPU
		{F98615EF-A0A9-4146-BA21-DF0CCB0C3C0B}.Release|Any CPU.Build.0 = Release|Any CPU
		{F98615EF-A0A9-4146-BA21-DF0CCB0C3C0B}.Release|Mixed Platforms.ActiveCfg = Release|Any CPU
		{F98615EF-A0A9-4146-BA21-DF0CCB0C3C0B}.Release|Mixed Platforms.Build.0 = Release|Any CPU
		{F98615EF-A0A9-4146-BA21-DF0CCB0C3C0B}.Release|x86.ActiveCfg = Release|Any CPU
		{F98615EF-A0A9-4146-BA21-DF0CCB0C3C0B}.Release|x86.Build.0 = Release|Any CPU
		{A8B9F05D-A966-4A5A-9DE8-92F0D6AF7918}.Debug|Any CPU.ActiveCfg = Debug|Any CPU
		{A8B9F05D-A966-4A5A-9DE8-92F0D6AF7918}.Debug|Any CPU.Build.0 = Debug|Any CPU
		{A8B9F05D-A966-4A5A-9DE8-92F0D6AF7918}.Debug|Mixed Platforms.ActiveCfg = Debug|Any CPU
		{A8B9F05D-A966-4A5A-9DE8-92F0D6AF7918}.Debug|Mixed Platforms.Build.0 = Debug|Any CPU
		{A8B9F05D-A966-4A5A-9DE8-92F0D6AF7918}.Debug|x86.ActiveCfg = Debug|Any CPU
		{A8B9F05D-A966-4A5A-9DE8-92F0D6AF7918}.Debug|x86.Build.0 = Debug|Any CPU
		{A8B9F05D-A966-4A5A-9DE8-92F0D6AF7918}.Release|Any CPU.ActiveCfg = Release|Any CPU
		{A8B9F05D-A966-4A5A-9DE8-92F0D6AF7918}.Release|Any CPU.Build.0 = Release|Any CPU
		{A8B9F05D-A966-4A5A-9DE8-92F0D6AF7918}.Release|Mixed Platforms.ActiveCfg = Release|Any CPU
		{A8B9F05D-A966-4A5A-9DE8-92F0D6AF7918}.Release|Mixed Platforms.Build.0 = Release|Any CPU
		{A8B9F05D-A966-4A5A-9DE8-92F0D6AF7918}.Release|x86.ActiveCfg = Release|Any CPU
		{A8B9F05D-A966-4A5A-9DE8-92F0D6AF7918}.Release|x86.Build.0 = Release|Any CPU
		{415888FD-40D6-4DBB-A427-82A3ABDEE96E}.Debug|Any CPU.ActiveCfg = Debug
		{415888FD-40D6-4DBB-A427-82A3ABDEE96E}.Debug|Mixed Platforms.ActiveCfg = Debug
		{415888FD-40D6-4DBB-A427-82A3ABDEE96E}.Debug|Mixed Platforms.Build.0 = Debug
		{415888FD-40D6-4DBB-A427-82A3ABDEE96E}.Debug|x86.ActiveCfg = Debug
		{415888FD-40D6-4DBB-A427-82A3ABDEE96E}.Debug|x86.Build.0 = Debug
		{415888FD-40D6-4DBB-A427-82A3ABDEE96E}.Release|Any CPU.ActiveCfg = Release
		{415888FD-40D6-4DBB-A427-82A3ABDEE96E}.Release|Mixed Platforms.ActiveCfg = Release
		{415888FD-40D6-4DBB-A427-82A3ABDEE96E}.Release|Mixed Platforms.Build.0 = Release
		{415888FD-40D6-4DBB-A427-82A3ABDEE96E}.Release|x86.ActiveCfg = Release
		{415888FD-40D6-4DBB-A427-82A3ABDEE96E}.Release|x86.Build.0 = Release
		{65469E14-910F-4E69-9310-4576A814EF5D}.Debug|Any CPU.ActiveCfg = Debug
		{65469E14-910F-4E69-9310-4576A814EF5D}.Debug|Mixed Platforms.ActiveCfg = Debug
		{65469E14-910F-4E69-9310-4576A814EF5D}.Debug|Mixed Platforms.Build.0 = Debug
		{65469E14-910F-4E69-9310-4576A814EF5D}.Debug|x86.ActiveCfg = Debug
		{65469E14-910F-4E69-9310-4576A814EF5D}.Debug|x86.Build.0 = Debug
		{65469E14-910F-4E69-9310-4576A814EF5D}.Release|Any CPU.ActiveCfg = Release
		{65469E14-910F-4E69-9310-4576A814EF5D}.Release|Mixed Platforms.ActiveCfg = Release
		{65469E14-910F-4E69-9310-4576A814EF5D}.Release|Mixed Platforms.Build.0 = Release
		{65469E14-910F-4E69-9310-4576A814EF5D}.Release|x86.ActiveCfg = Release
		{65469E14-910F-4E69-9310-4576A814EF5D}.Release|x86.Build.0 = Release
		{366B5D54-615B-46D2-AB68-AE483F7EF303}.Debug|Any CPU.ActiveCfg = Debug
		{366B5D54-615B-46D2-AB68-AE483F7EF303}.Debug|Mixed Platforms.ActiveCfg = Debug
		{366B5D54-615B-46D2-AB68-AE483F7EF303}.Debug|x86.ActiveCfg = Debug
		{366B5D54-615B-46D2-AB68-AE483F7EF303}.Release|Any CPU.ActiveCfg = Release
		{366B5D54-615B-46D2-AB68-AE483F7EF303}.Release|Mixed Platforms.ActiveCfg = Release
		{366B5D54-615B-46D2-AB68-AE483F7EF303}.Release|x86.ActiveCfg = Release
		{4C28C296-6377-41AD-9928-A984DA56BC20}.Debug|Any CPU.ActiveCfg = Debug|Any CPU
		{4C28C296-6377-41AD-9928-A984DA56BC20}.Debug|Any CPU.Build.0 = Debug|Any CPU
		{4C28C296-6377-41AD-9928-A984DA56BC20}.Debug|Mixed Platforms.ActiveCfg = Debug|Any CPU
		{4C28C296-6377-41AD-9928-A984DA56BC20}.Debug|Mixed Platforms.Build.0 = Debug|Any CPU
		{4C28C296-6377-41AD-9928-A984DA56BC20}.Debug|x86.ActiveCfg = Debug|Any CPU
		{4C28C296-6377-41AD-9928-A984DA56BC20}.Debug|x86.Build.0 = Debug|Any CPU
		{4C28C296-6377-41AD-9928-A984DA56BC20}.Release|Any CPU.ActiveCfg = Release|Any CPU
		{4C28C296-6377-41AD-9928-A984DA56BC20}.Release|Any CPU.Build.0 = Release|Any CPU
		{4C28C296-6377-41AD-9928-A984DA56BC20}.Release|Mixed Platforms.ActiveCfg = Release|Any CPU
		{4C28C296-6377-41AD-9928-A984DA56BC20}.Release|Mixed Platforms.Build.0 = Release|Any CPU
		{4C28C296-6377-41AD-9928-A984DA56BC20}.Release|x86.ActiveCfg = Release|Any CPU
		{4C28C296-6377-41AD-9928-A984DA56BC20}.Release|x86.Build.0 = Release|Any CPU
		{F3425849-EBC6-40A3-893D-5C6ED45179C0}.Debug|Any CPU.ActiveCfg = Debug|Any CPU
		{F3425849-EBC6-40A3-893D-5C6ED45179C0}.Debug|Any CPU.Build.0 = Debug|Any CPU
		{F3425849-EBC6-40A3-893D-5C6ED45179C0}.Debug|Mixed Platforms.ActiveCfg = Debug|Any CPU
		{F3425849-EBC6-40A3-893D-5C6ED45179C0}.Debug|Mixed Platforms.Build.0 = Debug|Any CPU
		{F3425849-EBC6-40A3-893D-5C6ED45179C0}.Debug|x86.ActiveCfg = Debug|Any CPU
		{F3425849-EBC6-40A3-893D-5C6ED45179C0}.Debug|x86.Build.0 = Debug|Any CPU
		{F3425849-EBC6-40A3-893D-5C6ED45179C0}.Release|Any CPU.ActiveCfg = Release|Any CPU
		{F3425849-EBC6-40A3-893D-5C6ED45179C0}.Release|Any CPU.Build.0 = Release|Any CPU
		{F3425849-EBC6-40A3-893D-5C6ED45179C0}.Release|Mixed Platforms.ActiveCfg = Release|Any CPU
		{F3425849-EBC6-40A3-893D-5C6ED45179C0}.Release|Mixed Platforms.Build.0 = Release|Any CPU
		{F3425849-EBC6-40A3-893D-5C6ED45179C0}.Release|x86.ActiveCfg = Release|Any CPU
		{F3425849-EBC6-40A3-893D-5C6ED45179C0}.Release|x86.Build.0 = Release|Any CPU
	EndGlobalSection
	GlobalSection(SolutionProperties) = preSolution
		HideSolutionNode = FALSE
	EndGlobalSection
	GlobalSection(NestedProjects) = preSolution
		{82C21470-1DA4-49A6-9524-84C080B22A28} = {16C514AD-EEA8-4ED1-9AD5-39927C8875EC}
		{F195E26C-0D02-438E-A225-81616940DECC} = {76F746EB-C494-4538-B89B-222359061820}
		{929E630C-B415-47ED-AAED-D9EF417A853B} = {993C8A93-8D8B-47E7-849E-E3DE5D043A5D}
		{8658073B-1840-43AD-855A-C698E1F4A411} = {16C514AD-EEA8-4ED1-9AD5-39927C8875EC}
		{91512FFF-91EA-4D77-9B66-5ABA419FD3F2} = {212D700D-0B77-4DB8-99A1-C2849FF0B854}
		{24018DAC-C151-48DD-89F7-574C03FAA0A4} = {212D700D-0B77-4DB8-99A1-C2849FF0B854}
		{86D608A9-20B2-4EBF-8DFC-4C1EFC4148AC} = {212D700D-0B77-4DB8-99A1-C2849FF0B854}
		{17A43169-8FA3-4E4F-90E6-88B75191503E} = {90E73895-5242-4A11-8BEF-DAED0F307EA0}
		{EEA1963C-B92E-42BF-BDF7-5ECB000D29CC} = {90E73895-5242-4A11-8BEF-DAED0F307EA0}
		{DB0E2599-FFC9-48C1-96C8-A064E133BDCB} = {212D700D-0B77-4DB8-99A1-C2849FF0B854}
		{A3733C8A-3CBF-4B1F-9F11-0BB395782712} = {B0A26D2D-8EEF-404A-9E72-B5F3B4EA758D}
		{7A208ECB-9E6A-4C35-903C-BDD6DD3F1413} = {B0A26D2D-8EEF-404A-9E72-B5F3B4EA758D}
		{7F9F7713-ABF9-4123-A585-2338585634C4} = {B0A26D2D-8EEF-404A-9E72-B5F3B4EA758D}
		{D9BCC2C9-403B-4A4B-848C-67DF37DFAA17} = {4926105D-344F-488C-A1B0-020A295AD41B}
		{E661A202-F495-4EA5-8BA6-5C6FAEE33D36} = {4926105D-344F-488C-A1B0-020A295AD41B}
		{9AB6B4A0-B8F5-40D0-A8CD-66CE12FF1A98} = {96C500F6-4C14-49F3-94C3-698EB6EA5F56}
		{F98615EF-A0A9-4146-BA21-DF0CCB0C3C0B} = {16C514AD-EEA8-4ED1-9AD5-39927C8875EC}
		{A8B9F05D-A966-4A5A-9DE8-92F0D6AF7918} = {47993E8D-A135-4DFB-980E-C1FD9E01FB84}
		{415888FD-40D6-4DBB-A427-82A3ABDEE96E} = {C84FBBA9-30AB-4367-A8A3-643A8CCCA2F7}
		{65469E14-910F-4E69-9310-4576A814EF5D} = {C84FBBA9-30AB-4367-A8A3-643A8CCCA2F7}
		{366B5D54-615B-46D2-AB68-AE483F7EF303} = {C84FBBA9-30AB-4367-A8A3-643A8CCCA2F7}
		{4C28C296-6377-41AD-9928-A984DA56BC20} = {212D700D-0B77-4DB8-99A1-C2849FF0B854}
		{F3425849-EBC6-40A3-893D-5C6ED45179C0} = {106077BE-D626-4F4A-8BB1-A40E882D5326}
	EndGlobalSection
	GlobalSection(ExtensibilityGlobals) = postSolution
		SolutionGuid = {08FE43C7-E380-4A32-8E93-FC38F3CCFD2B}
	EndGlobalSection
EndGlobal
